// !$*UTF8*$!
{
	archiveVersion = 1;
	classes = {
	};
	objectVersion = 56;
	objects = {

/* Begin PBXBuildFile section */
		0F999EA475651BD4A51E6401 /* Pods_20230614_KebukeAPP_SnapKit.framework in Frameworks */ = {isa = PBXBuildFile; fileRef = 176ED7E4A357DF0A68074E83 /* Pods_20230614_KebukeAPP_SnapKit.framework */; };
		B32E6D862A39AEA8007D543C /* MainTabBarController.swift in Sources */ = {isa = PBXBuildFile; fileRef = B32E6D852A39AEA8007D543C /* MainTabBarController.swift */; };
		B32E6D882A39AF29007D543C /* MainNavigationController.swift in Sources */ = {isa = PBXBuildFile; fileRef = B32E6D872A39AF29007D543C /* MainNavigationController.swift */; };
		B32E6D8A2A39AF7E007D543C /* MainCollectionViewController.swift in Sources */ = {isa = PBXBuildFile; fileRef = B32E6D892A39AF7E007D543C /* MainCollectionViewController.swift */; };
		B32E6D8C2A39AFB1007D543C /* DetailViewController.swift in Sources */ = {isa = PBXBuildFile; fileRef = B32E6D8B2A39AFB1007D543C /* DetailViewController.swift */; };
		B32E6D8E2A39AFDD007D543C /* SecondaryTableViewController.swift in Sources */ = {isa = PBXBuildFile; fileRef = B32E6D8D2A39AFDD007D543C /* SecondaryTableViewController.swift */; };
		B36437B72A3B041C0051346E /* SecondaryTableViewCell.swift in Sources */ = {isa = PBXBuildFile; fileRef = B36437B62A3B041C0051346E /* SecondaryTableViewCell.swift */; };
		B36437B92A3B0CBA0051346E /* SecondaryNavigationController.swift in Sources */ = {isa = PBXBuildFile; fileRef = B36437B82A3B0CBA0051346E /* SecondaryNavigationController.swift */; };
		B3A6C3E02A42A51100F12F34 /* LaunchScreenViewController.swift in Sources */ = {isa = PBXBuildFile; fileRef = B3A6C3DF2A42A51100F12F34 /* LaunchScreenViewController.swift */; };
		B3B09E032A39E2FF009627E0 /* DrinksContent.swift in Sources */ = {isa = PBXBuildFile; fileRef = B3B09E022A39E2FF009627E0 /* DrinksContent.swift */; };
		B3F3C31C2A3AB31600AEF654 /* HeaderCollectionReusableView.swift in Sources */ = {isa = PBXBuildFile; fileRef = B3F3C31B2A3AB31600AEF654 /* HeaderCollectionReusableView.swift */; };
		B3F3C31E2A3AB3FA00AEF654 /* DrinksCollectionViewCell.swift in Sources */ = {isa = PBXBuildFile; fileRef = B3F3C31D2A3AB3FA00AEF654 /* DrinksCollectionViewCell.swift */; };
		B3F3C3202A3AC24800AEF654 /* Globals.swift in Sources */ = {isa = PBXBuildFile; fileRef = B3F3C31F2A3AC24800AEF654 /* Globals.swift */; };
		B3F8D9E12A399BE800B821B9 /* AppDelegate.swift in Sources */ = {isa = PBXBuildFile; fileRef = B3F8D9E02A399BE800B821B9 /* AppDelegate.swift */; };
		B3F8D9EA2A399BE900B821B9 /* Assets.xcassets in Resources */ = {isa = PBXBuildFile; fileRef = B3F8D9E92A399BE900B821B9 /* Assets.xcassets */; };
		B3F8D9ED2A399BE900B821B9 /* LaunchScreen.storyboard in Resources */ = {isa = PBXBuildFile; fileRef = B3F8D9EB2A399BE900B821B9 /* LaunchScreen.storyboard */; };
/* End PBXBuildFile section */

/* Begin PBXFileReference section */
		0A9BA75A5684AE4F8C65C296 /* Pods-20230614_KebukeAPP_SnapKit.debug.xcconfig */ = {isa = PBXFileReference; includeInIndex = 1; lastKnownFileType = text.xcconfig; name = "Pods-20230614_KebukeAPP_SnapKit.debug.xcconfig"; path = "Target Support Files/Pods-20230614_KebukeAPP_SnapKit/Pods-20230614_KebukeAPP_SnapKit.debug.xcconfig"; sourceTree = "<group>"; };
		176ED7E4A357DF0A68074E83 /* Pods_20230614_KebukeAPP_SnapKit.framework */ = {isa = PBXFileReference; explicitFileType = wrapper.framework; includeInIndex = 0; path = Pods_20230614_KebukeAPP_SnapKit.framework; sourceTree = BUILT_PRODUCTS_DIR; };
		37E0A7C2111DF114317E33D2 /* Pods-20230614_KebukeAPP_SnapKit.release.xcconfig */ = {isa = PBXFileReference; includeInIndex = 1; lastKnownFileType = text.xcconfig; name = "Pods-20230614_KebukeAPP_SnapKit.release.xcconfig"; path = "Target Support Files/Pods-20230614_KebukeAPP_SnapKit/Pods-20230614_KebukeAPP_SnapKit.release.xcconfig"; sourceTree = "<group>"; };
		B32E6D852A39AEA8007D543C /* MainTabBarController.swift */ = {isa = PBXFileReference; lastKnownFileType = sourcecode.swift; path = MainTabBarController.swift; sourceTree = "<group>"; };
		B32E6D872A39AF29007D543C /* MainNavigationController.swift */ = {isa = PBXFileReference; lastKnownFileType = sourcecode.swift; path = MainNavigationController.swift; sourceTree = "<group>"; };
		B32E6D892A39AF7E007D543C /* MainCollectionViewController.swift */ = {isa = PBXFileReference; lastKnownFileType = sourcecode.swift; path = MainCollectionViewController.swift; sourceTree = "<group>"; };
		B32E6D8B2A39AFB1007D543C /* DetailViewController.swift */ = {isa = PBXFileReference; lastKnownFileType = sourcecode.swift; path = DetailViewController.swift; sourceTree = "<group>"; };
		B32E6D8D2A39AFDD007D543C /* SecondaryTableViewController.swift */ = {isa = PBXFileReference; lastKnownFileType = sourcecode.swift; path = SecondaryTableViewController.swift; sourceTree = "<group>"; };
		B36437B62A3B041C0051346E /* SecondaryTableViewCell.swift */ = {isa = PBXFileReference; lastKnownFileType = sourcecode.swift; path = SecondaryTableViewCell.swift; sourceTree = "<group>"; };
		B36437B82A3B0CBA0051346E /* SecondaryNavigationController.swift */ = {isa = PBXFileReference; lastKnownFileType = sourcecode.swift; path = SecondaryNavigationController.swift; sourceTree = "<group>"; };
		B3A6C3DF2A42A51100F12F34 /* LaunchScreenViewController.swift */ = {isa = PBXFileReference; lastKnownFileType = sourcecode.swift; path = LaunchScreenViewController.swift; sourceTree = "<group>"; };
		B3B09E022A39E2FF009627E0 /* DrinksContent.swift */ = {isa = PBXFileReference; lastKnownFileType = sourcecode.swift; path = DrinksContent.swift; sourceTree = "<group>"; };
		B3F3C31B2A3AB31600AEF654 /* HeaderCollectionReusableView.swift */ = {isa = PBXFileReference; lastKnownFileType = sourcecode.swift; path = HeaderCollectionReusableView.swift; sourceTree = "<group>"; };
		B3F3C31D2A3AB3FA00AEF654 /* DrinksCollectionViewCell.swift */ = {isa = PBXFileReference; lastKnownFileType = sourcecode.swift; path = DrinksCollectionViewCell.swift; sourceTree = "<group>"; };
		B3F3C31F2A3AC24800AEF654 /* Globals.swift */ = {isa = PBXFileReference; lastKnownFileType = sourcecode.swift; path = Globals.swift; sourceTree = "<group>"; };
		B3F8D9DD2A399BE800B821B9 /* 20230614_KebukeAPP_SnapKit.app */ = {isa = PBXFileReference; explicitFileType = wrapper.application; includeInIndex = 0; path = 20230614_KebukeAPP_SnapKit.app; sourceTree = BUILT_PRODUCTS_DIR; };
		B3F8D9E02A399BE800B821B9 /* AppDelegate.swift */ = {isa = PBXFileReference; lastKnownFileType = sourcecode.swift; path = AppDelegate.swift; sourceTree = "<group>"; };
		B3F8D9E92A399BE900B821B9 /* Assets.xcassets */ = {isa = PBXFileReference; lastKnownFileType = folder.assetcatalog; path = Assets.xcassets; sourceTree = "<group>"; };
		B3F8D9EC2A399BE900B821B9 /* Base */ = {isa = PBXFileReference; lastKnownFileType = file.storyboard; name = Base; path = Base.lproj/LaunchScreen.storyboard; sourceTree = "<group>"; };
		B3F8D9EE2A399BE900B821B9 /* Info.plist */ = {isa = PBXFileReference; lastKnownFileType = text.plist.xml; path = Info.plist; sourceTree = "<group>"; };
/* End PBXFileReference section */

/* Begin PBXFrameworksBuildPhase section */
		B3F8D9DA2A399BE800B821B9 /* Frameworks */ = {
			isa = PBXFrameworksBuildPhase;
			buildActionMask = 2147483647;
			files = (
				0F999EA475651BD4A51E6401 /* Pods_20230614_KebukeAPP_SnapKit.framework in Frameworks */,
			);
			runOnlyForDeploymentPostprocessing = 0;
		};
/* End PBXFrameworksBuildPhase section */

/* Begin PBXGroup section */
		04A75B91EC053BC21B19F63B /* Pods */ = {
			isa = PBXGroup;
			children = (
				0A9BA75A5684AE4F8C65C296 /* Pods-20230614_KebukeAPP_SnapKit.debug.xcconfig */,
				37E0A7C2111DF114317E33D2 /* Pods-20230614_KebukeAPP_SnapKit.release.xcconfig */,
			);
			path = Pods;
			sourceTree = "<group>";
		};
		6AD0086C9E22A1743FD5006B /* Frameworks */ = {
			isa = PBXGroup;
			children = (
				176ED7E4A357DF0A68074E83 /* Pods_20230614_KebukeAPP_SnapKit.framework */,
			);
			name = Frameworks;
			sourceTree = "<group>";
		};
		B32E6D812A39AE35007D543C /* Controller */ = {
			isa = PBXGroup;
			children = (
				B32E6D892A39AF7E007D543C /* MainCollectionViewController.swift */,
				B32E6D8B2A39AFB1007D543C /* DetailViewController.swift */,
				B32E6D8D2A39AFDD007D543C /* SecondaryTableViewController.swift */,
				B32E6D852A39AEA8007D543C /* MainTabBarController.swift */,
				B32E6D872A39AF29007D543C /* MainNavigationController.swift */,
				B36437B82A3B0CBA0051346E /* SecondaryNavigationController.swift */,
				B3A6C3DF2A42A51100F12F34 /* LaunchScreenViewController.swift */,
			);
			path = Controller;
			sourceTree = "<group>";
		};
		B32E6D832A39AE4F007D543C /* View */ = {
			isa = PBXGroup;
			children = (
				B3F3C31B2A3AB31600AEF654 /* HeaderCollectionReusableView.swift */,
				B3F3C31D2A3AB3FA00AEF654 /* DrinksCollectionViewCell.swift */,
				B36437B62A3B041C0051346E /* SecondaryTableViewCell.swift */,
			);
			path = View;
			sourceTree = "<group>";
		};
		B32E6D842A39AE55007D543C /* Model */ = {
			isa = PBXGroup;
			children = (
				B3B09E022A39E2FF009627E0 /* DrinksContent.swift */,
			);
			path = Model;
			sourceTree = "<group>";
		};
		B3F8D9D42A399BE800B821B9 = {
			isa = PBXGroup;
			children = (
				B3F8D9DF2A399BE800B821B9 /* 20230614_KebukeAPP_SnapKit */,
				B3F8D9DE2A399BE800B821B9 /* Products */,
				04A75B91EC053BC21B19F63B /* Pods */,
				6AD0086C9E22A1743FD5006B /* Frameworks */,
			);
			sourceTree = "<group>";
		};
		B3F8D9DE2A399BE800B821B9 /* Products */ = {
			isa = PBXGroup;
			children = (
				B3F8D9DD2A399BE800B821B9 /* 20230614_KebukeAPP_SnapKit.app */,
			);
			name = Products;
			sourceTree = "<group>";
		};
		B3F8D9DF2A399BE800B821B9 /* 20230614_KebukeAPP_SnapKit */ = {
			isa = PBXGroup;
			children = (
				B3F8D9E02A399BE800B821B9 /* AppDelegate.swift */,
				B3F3C31F2A3AC24800AEF654 /* Globals.swift */,
				B32E6D842A39AE55007D543C /* Model */,
				B32E6D832A39AE4F007D543C /* View */,
				B32E6D812A39AE35007D543C /* Controller */,
				B3F8D9E92A399BE900B821B9 /* Assets.xcassets */,
				B3F8D9EB2A399BE900B821B9 /* LaunchScreen.storyboard */,
				B3F8D9EE2A399BE900B821B9 /* Info.plist */,
			);
			path = 20230614_KebukeAPP_SnapKit;
			sourceTree = "<group>";
		};
/* End PBXGroup section */

/* Begin PBXNativeTarget section */
		B3F8D9DC2A399BE800B821B9 /* 20230614_KebukeAPP_SnapKit */ = {
			isa = PBXNativeTarget;
			buildConfigurationList = B3F8D9F12A399BE900B821B9 /* Build configuration list for PBXNativeTarget "20230614_KebukeAPP_SnapKit" */;
			buildPhases = (
				B9B62D3E3BF5F343D2242232 /* [CP] Check Pods Manifest.lock */,
				B3F8D9D92A399BE800B821B9 /* Sources */,
				B3F8D9DA2A399BE800B821B9 /* Frameworks */,
				B3F8D9DB2A399BE800B821B9 /* Resources */,
				BC061CA31D1F0B6F6B2C90F9 /* [CP] Embed Pods Frameworks */,
			);
			buildRules = (
			);
			dependencies = (
			);
			name = 20230614_KebukeAPP_SnapKit;
			packageProductDependencies = (
			);
			productName = 20230614_KebukeAPP_SnapKit;
			productReference = B3F8D9DD2A399BE800B821B9 /* 20230614_KebukeAPP_SnapKit.app */;
			productType = "com.apple.product-type.application";
		};
/* End PBXNativeTarget section */

/* Begin PBXProject section */
		B3F8D9D52A399BE800B821B9 /* Project object */ = {
			isa = PBXProject;
			attributes = {
				BuildIndependentTargetsInParallel = 1;
				LastSwiftUpdateCheck = 1430;
				LastUpgradeCheck = 1430;
				TargetAttributes = {
					B3F8D9DC2A399BE800B821B9 = {
						CreatedOnToolsVersion = 14.3;
					};
				};
			};
			buildConfigurationList = B3F8D9D82A399BE800B821B9 /* Build configuration list for PBXProject "20230614_KebukeAPP_SnapKit" */;
			compatibilityVersion = "Xcode 14.0";
			developmentRegion = en;
			hasScannedForEncodings = 0;
			knownRegions = (
				en,
				Base,
			);
			mainGroup = B3F8D9D42A399BE800B821B9;
			packageReferences = (
			);
			productRefGroup = B3F8D9DE2A399BE800B821B9 /* Products */;
			projectDirPath = "";
			projectRoot = "";
			targets = (
				B3F8D9DC2A399BE800B821B9 /* 20230614_KebukeAPP_SnapKit */,
			);
		};
/* End PBXProject section */

/* Begin PBXResourcesBuildPhase section */
		B3F8D9DB2A399BE800B821B9 /* Resources */ = {
			isa = PBXResourcesBuildPhase;
			buildActionMask = 2147483647;
			files = (
				B3F8D9ED2A399BE900B821B9 /* LaunchScreen.storyboard in Resources */,
				B3F8D9EA2A399BE900B821B9 /* Assets.xcassets in Resources */,
			);
			runOnlyForDeploymentPostprocessing = 0;
		};
/* End PBXResourcesBuildPhase section */

/* Begin PBXShellScriptBuildPhase section */
		B9B62D3E3BF5F343D2242232 /* [CP] Check Pods Manifest.lock */ = {
			isa = PBXShellScriptBuildPhase;
			buildActionMask = 2147483647;
			files = (
			);
			inputFileListPaths = (
			);
			inputPaths = (
				"${PODS_PODFILE_DIR_PATH}/Podfile.lock",
				"${PODS_ROOT}/Manifest.lock",
			);
			name = "[CP] Check Pods Manifest.lock";
			outputFileListPaths = (
			);
			outputPaths = (
				"$(DERIVED_FILE_DIR)/Pods-20230614_KebukeAPP_SnapKit-checkManifestLockResult.txt",
			);
			runOnlyForDeploymentPostprocessing = 0;
			shellPath = /bin/sh;
			shellScript = "diff \"${PODS_PODFILE_DIR_PATH}/Podfile.lock\" \"${PODS_ROOT}/Manifest.lock\" > /dev/null\nif [ $? != 0 ] ; then\n    # print error to STDERR\n    echo \"error: The sandbox is not in sync with the Podfile.lock. Run 'pod install' or update your CocoaPods installation.\" >&2\n    exit 1\nfi\n# This output is used by Xcode 'outputs' to avoid re-running this script phase.\necho \"SUCCESS\" > \"${SCRIPT_OUTPUT_FILE_0}\"\n";
			showEnvVarsInLog = 0;
		};
		BC061CA31D1F0B6F6B2C90F9 /* [CP] Embed Pods Frameworks */ = {
			isa = PBXShellScriptBuildPhase;
			buildActionMask = 2147483647;
			files = (
			);
			inputFileListPaths = (
				"${PODS_ROOT}/Target Support Files/Pods-20230614_KebukeAPP_SnapKit/Pods-20230614_KebukeAPP_SnapKit-frameworks-${CONFIGURATION}-input-files.xcfilelist",
			);
			name = "[CP] Embed Pods Frameworks";
			outputFileListPaths = (
				"${PODS_ROOT}/Target Support Files/Pods-20230614_KebukeAPP_SnapKit/Pods-20230614_KebukeAPP_SnapKit-frameworks-${CONFIGURATION}-output-files.xcfilelist",
			);
			runOnlyForDeploymentPostprocessing = 0;
			shellPath = /bin/sh;
			shellScript = "\"${PODS_ROOT}/Target Support Files/Pods-20230614_KebukeAPP_SnapKit/Pods-20230614_KebukeAPP_SnapKit-frameworks.sh\"\n";
			showEnvVarsInLog = 0;
		};
/* End PBXShellScriptBuildPhase section */

/* Begin PBXSourcesBuildPhase section */
		B3F8D9D92A399BE800B821B9 /* Sources */ = {
			isa = PBXSourcesBuildPhase;
			buildActionMask = 2147483647;
			files = (
				B32E6D882A39AF29007D543C /* MainNavigationController.swift in Sources */,
				B3A6C3E02A42A51100F12F34 /* LaunchScreenViewController.swift in Sources */,
				B3F3C31C2A3AB31600AEF654 /* HeaderCollectionReusableView.swift in Sources */,
				B36437B72A3B041C0051346E /* SecondaryTableViewCell.swift in Sources */,
				B3F3C31E2A3AB3FA00AEF654 /* DrinksCollectionViewCell.swift in Sources */,
				B3B09E032A39E2FF009627E0 /* DrinksContent.swift in Sources */,
				B3F8D9E12A399BE800B821B9 /* AppDelegate.swift in Sources */,
				B36437B92A3B0CBA0051346E /* SecondaryNavigationController.swift in Sources */,
				B32E6D8A2A39AF7E007D543C /* MainCollectionViewController.swift in Sources */,
				B32E6D8E2A39AFDD007D543C /* SecondaryTableViewController.swift in Sources */,
				B32E6D862A39AEA8007D543C /* MainTabBarController.swift in Sources */,
				B3F3C3202A3AC24800AEF654 /* Globals.swift in Sources */,
				B32E6D8C2A39AFB1007D543C /* DetailViewController.swift in Sources */,
			);
			runOnlyForDeploymentPostprocessing = 0;
		};
/* End PBXSourcesBuildPhase section */

/* Begin PBXVariantGroup section */
		B3F8D9EB2A399BE900B821B9 /* LaunchScreen.storyboard */ = {
			isa = PBXVariantGroup;
			children = (
				B3F8D9EC2A399BE900B821B9 /* Base */,
			);
			name = LaunchScreen.storyboard;
			sourceTree = "<group>";
		};
/* End PBXVariantGroup section */

/* Begin XCBuildConfiguration section */
		B3F8D9EF2A399BE900B821B9 /* Debug */ = {
			isa = XCBuildConfiguration;
			buildSettings = {
				ALWAYS_SEARCH_USER_PATHS = NO;
				CLANG_ANALYZER_NONNULL = YES;
				CLANG_ANALYZER_NUMBER_OBJECT_CONVERSION = YES_AGGRESSIVE;
				CLANG_CXX_LANGUAGE_STANDARD = "gnu++20";
				CLANG_ENABLE_MODULES = YES;
				CLANG_ENABLE_OBJC_ARC = YES;
				CLANG_ENABLE_OBJC_WEAK = YES;
				CLANG_WARN_BLOCK_CAPTURE_AUTORELEASING = YES;
				CLANG_WARN_BOOL_CONVERSION = YES;
				CLANG_WARN_COMMA = YES;
				CLANG_WARN_CONSTANT_CONVERSION = YES;
				CLANG_WARN_DEPRECATED_OBJC_IMPLEMENTATIONS = YES;
				CLANG_WARN_DIRECT_OBJC_ISA_USAGE = YES_ERROR;
				CLANG_WARN_DOCUMENTATION_COMMENTS = YES;
				CLANG_WARN_EMPTY_BODY = YES;
				CLANG_WARN_ENUM_CONVERSION = YES;
				CLANG_WARN_INFINITE_RECURSION = YES;
				CLANG_WARN_INT_CONVERSION = YES;
				CLANG_WARN_NON_LITERAL_NULL_CONVERSION = YES;
				CLANG_WARN_OBJC_IMPLICIT_RETAIN_SELF = YES;
				CLANG_WARN_OBJC_LITERAL_CONVERSION = YES;
				CLANG_WARN_OBJC_ROOT_CLASS = YES_ERROR;
				CLANG_WARN_QUOTED_INCLUDE_IN_FRAMEWORK_HEADER = YES;
				CLANG_WARN_RANGE_LOOP_ANALYSIS = YES;
				CLANG_WARN_STRICT_PROTOTYPES = YES;
				CLANG_WARN_SUSPICIOUS_MOVE = YES;
				CLANG_WARN_UNGUARDED_AVAILABILITY = YES_AGGRESSIVE;
				CLANG_WARN_UNREACHABLE_CODE = YES;
				CLANG_WARN__DUPLICATE_METHOD_MATCH = YES;
				COPY_PHASE_STRIP = NO;
				DEBUG_INFORMATION_FORMAT = dwarf;
				ENABLE_STRICT_OBJC_MSGSEND = YES;
				ENABLE_TESTABILITY = YES;
				GCC_C_LANGUAGE_STANDARD = gnu11;
				GCC_DYNAMIC_NO_PIC = NO;
				GCC_NO_COMMON_BLOCKS = YES;
				GCC_OPTIMIZATION_LEVEL = 0;
				GCC_PREPROCESSOR_DEFINITIONS = (
					"DEBUG=1",
					"$(inherited)",
				);
				GCC_WARN_64_TO_32_BIT_CONVERSION = YES;
				GCC_WARN_ABOUT_RETURN_TYPE = YES_ERROR;
				GCC_WARN_UNDECLARED_SELECTOR = YES;
				GCC_WARN_UNINITIALIZED_AUTOS = YES_AGGRESSIVE;
				GCC_WARN_UNUSED_FUNCTION = YES;
				GCC_WARN_UNUSED_VARIABLE = YES;
				IPHONEOS_DEPLOYMENT_TARGET = 16.4;
				MTL_ENABLE_DEBUG_INFO = INCLUDE_SOURCE;
				MTL_FAST_MATH = YES;
				ONLY_ACTIVE_ARCH = YES;
				SDKROOT = iphoneos;
				SWIFT_ACTIVE_COMPILATION_CONDITIONS = DEBUG;
				SWIFT_OPTIMIZATION_LEVEL = "-Onone";
			};
			name = Debug;
		};
		B3F8D9F02A399BE900B821B9 /* Release */ = {
			isa = XCBuildConfiguration;
			buildSettings = {
				ALWAYS_SEARCH_USER_PATHS = NO;
				CLANG_ANALYZER_NONNULL = YES;
				CLANG_ANALYZER_NUMBER_OBJECT_CONVERSION = YES_AGGRESSIVE;
				CLANG_CXX_LANGUAGE_STANDARD = "gnu++20";
				CLANG_ENABLE_MODULES = YES;
				CLANG_ENABLE_OBJC_ARC = YES;
				CLANG_ENABLE_OBJC_WEAK = YES;
				CLANG_WARN_BLOCK_CAPTURE_AUTORELEASING = YES;
				CLANG_WARN_BOOL_CONVERSION = YES;
				CLANG_WARN_COMMA = YES;
				CLANG_WARN_CONSTANT_CONVERSION = YES;
				CLANG_WARN_DEPRECATED_OBJC_IMPLEMENTATIONS = YES;
				CLANG_WARN_DIRECT_OBJC_ISA_USAGE = YES_ERROR;
				CLANG_WARN_DOCUMENTATION_COMMENTS = YES;
				CLANG_WARN_EMPTY_BODY = YES;
				CLANG_WARN_ENUM_CONVERSION = YES;
				CLANG_WARN_INFINITE_RECURSION = YES;
				CLANG_WARN_INT_CONVERSION = YES;
				CLANG_WARN_NON_LITERAL_NULL_CONVERSION = YES;
				CLANG_WARN_OBJC_IMPLICIT_RETAIN_SELF = YES;
				CLANG_WARN_OBJC_LITERAL_CONVERSION = YES;
				CLANG_WARN_OBJC_ROOT_CLASS = YES_ERROR;
				CLANG_WARN_QUOTED_INCLUDE_IN_FRAMEWORK_HEADER = YES;
				CLANG_WARN_RANGE_LOOP_ANALYSIS = YES;
				CLANG_WARN_STRICT_PROTOTYPES = YES;
				CLANG_WARN_SUSPICIOUS_MOVE = YES;
				CLANG_WARN_UNGUARDED_AVAILABILITY = YES_AGGRESSIVE;
				CLANG_WARN_UNREACHABLE_CODE = YES;
				CLANG_WARN__DUPLICATE_METHOD_MATCH = YES;
				COPY_PHASE_STRIP = NO;
				DEBUG_INFORMATION_FORMAT = "dwarf-with-dsym";
				ENABLE_NS_ASSERTIONS = NO;
				ENABLE_STRICT_OBJC_MSGSEND = YES;
				GCC_C_LANGUAGE_STANDARD = gnu11;
				GCC_NO_COMMON_BLOCKS = YES;
				GCC_WARN_64_TO_32_BIT_CONVERSION = YES;
				GCC_WARN_ABOUT_RETURN_TYPE = YES_ERROR;
				GCC_WARN_UNDECLARED_SELECTOR = YES;
				GCC_WARN_UNINITIALIZED_AUTOS = YES_AGGRESSIVE;
				GCC_WARN_UNUSED_FUNCTION = YES;
				GCC_WARN_UNUSED_VARIABLE = YES;
				IPHONEOS_DEPLOYMENT_TARGET = 16.4;
				MTL_ENABLE_DEBUG_INFO = NO;
				MTL_FAST_MATH = YES;
				SDKROOT = iphoneos;
				SWIFT_COMPILATION_MODE = wholemodule;
				SWIFT_OPTIMIZATION_LEVEL = "-O";
				VALIDATE_PRODUCT = YES;
			};
			name = Release;
		};
		B3F8D9F22A399BE900B821B9 /* Debug */ = {
			isa = XCBuildConfiguration;
			baseConfigurationReference = 0A9BA75A5684AE4F8C65C296 /* Pods-20230614_KebukeAPP_SnapKit.debug.xcconfig */;
			buildSettings = {
				ASSETCATALOG_COMPILER_APPICON_NAME = AppIcon;
				ASSETCATALOG_COMPILER_GLOBAL_ACCENT_COLOR_NAME = AccentColor;
				CODE_SIGN_STYLE = Automatic;
				CURRENT_PROJECT_VERSION = 11;
				DEVELOPMENT_TEAM = JR65886DH4;
				GENERATE_INFOPLIST_FILE = YES;
				INFOPLIST_FILE = 20230614_KebukeAPP_SnapKit/Info.plist;
				INFOPLIST_KEY_UIApplicationSupportsIndirectInputEvents = YES;
				INFOPLIST_KEY_UILaunchStoryboardName = LaunchScreen;
				INFOPLIST_KEY_UISupportedInterfaceOrientations = UIInterfaceOrientationPortrait;
				INFOPLIST_KEY_UISupportedInterfaceOrientations_iPad = "UIInterfaceOrientationPortrait UIInterfaceOrientationPortraitUpsideDown";
				LD_RUNPATH_SEARCH_PATHS = (
					"$(inherited)",
					"@executable_path/Frameworks",
				);
				MARKETING_VERSION = 1.0;
				PRODUCT_BUNDLE_IDENTIFIER = "com.yenlin.-0230614-KebukeAPP-SnapKit";
				PRODUCT_NAME = "$(TARGET_NAME)";
				SWIFT_EMIT_LOC_STRINGS = YES;
				SWIFT_VERSION = 5.0;
				TARGETED_DEVICE_FAMILY = "1,2";
			};
			name = Debug;
		};
		B3F8D9F32A399BE900B821B9 /* Release */ = {
			isa = XCBuildConfiguration;
			baseConfigurationReference = 37E0A7C2111DF114317E33D2 /* Pods-20230614_KebukeAPP_SnapKit.release.xcconfig */;
			buildSettings = {
				ASSETCATALOG_COMPILER_APPICON_NAME = AppIcon;
				ASSETCATALOG_COMPILER_GLOBAL_ACCENT_COLOR_NAME = AccentColor;
				CODE_SIGN_STYLE = Automatic;
				CURRENT_PROJECT_VERSION = 11;
				DEVELOPMENT_TEAM = JR65886DH4;
				GENERATE_INFOPLIST_FILE = YES;
				INFOPLIST_FILE = 20230614_KebukeAPP_SnapKit/Info.plist;
				INFOPLIST_KEY_UIApplicationSupportsIndirectInputEvents = YES;
				INFOPLIST_KEY_UILaunchStoryboardName = LaunchScreen;
				INFOPLIST_KEY_UISupportedInterfaceOrientations = UIInterfaceOrientationPortrait;
				INFOPLIST_KEY_UISupportedInterfaceOrientations_iPad = "UIInterfaceOrientationPortrait UIInterfaceOrientationPortraitUpsideDown";
				LD_RUNPATH_SEARCH_PATHS = (
					"$(inherited)",
					"@executable_path/Frameworks",
				);
				MARKETING_VERSION = 1.0;
				PRODUCT_BUNDLE_IDENTIFIER = "com.yenlin.-0230614-KebukeAPP-SnapKit";
				PRODUCT_NAME = "$(TARGET_NAME)";
				SWIFT_EMIT_LOC_STRINGS = YES;
				SWIFT_VERSION = 5.0;
				TARGETED_DEVICE_FAMILY = "1,2";
			};
			name = Release;
		};
/* End XCBuildConfiguration section */

/* Begin XCConfigurationList section */
		B3F8D9D82A399BE800B821B9 /* Build configuration list for PBXProject "20230614_KebukeAPP_SnapKit" */ = {
			isa = XCConfigurationList;
			buildConfigurations = (
				B3F8D9EF2A399BE900B821B9 /* Debug */,
				B3F8D9F02A399BE900B821B9 /* Release */,
			);
			defaultConfigurationIsVisible = 0;
			defaultConfigurationName = Release;
		};
		B3F8D9F12A399BE900B821B9 /* Build configuration list for PBXNativeTarget "20230614_KebukeAPP_SnapKit" */ = {
			isa = XCConfigurationList;
			buildConfigurations = (
				B3F8D9F22A399BE900B821B9 /* Debug */,
				B3F8D9F32A399BE900B821B9 /* Release */,
			);
			defaultConfigurationIsVisible = 0;
			defaultConfigurationName = Release;
		};
/* End XCConfigurationList section */
	};
	rootObject = B3F8D9D52A399BE800B821B9 /* Project object */;
}
